
Microsoft Visual Studio Solution File, Format Version 12.00
# Visual Studio Version 17
VisualStudioVersion = 17.11.35222.181
MinimumVisualStudioVersion = 10.0.40219.1
Project("{FAE04EC0-301F-11D3-BF4B-00C04F79EFBC}") = "ktra02_nguyenvantung", "ktra02_nguyenvantung.csproj", "{FBE88A7D-0E65-4B2D-BEEA-69B6750922C7}"
EndProject
Global
	GlobalSection(SolutionConfigurationPlatforms) = preSolution
		Debug|Any CPU = Debug|Any CPU
		Release|Any CPU = Release|Any CPU
	EndGlobalSection
	GlobalSection(ProjectConfigurationPlatforms) = postSolution
		{FBE88A7D-0E65-4B2D-BEEA-69B6750922C7}.Debug|Any CPU.ActiveCfg = Debug|Any CPU
		{FBE88A7D-0E65-4B2D-BEEA-69B6750922C7}.Debug|Any CPU.Build.0 = Debug|Any CPU
		{FBE88A7D-0E65-4B2D-BEEA-69B6750922C7}.Release|Any CPU.ActiveCfg = Release|Any CPU
		{FBE88A7D-0E65-4B2D-BEEA-69B6750922C7}.Release|Any CPU.Build.0 = Release|Any CPU
	EndGlobalSection
	GlobalSection(SolutionProperties) = preSolution
		HideSolutionNode = FALSE
	EndGlobalSection
	GlobalSection(ExtensibilityGlobals) = postSolution
		SolutionGuid = {B5E6010B-9779-4D95-A1DA-64B9227A627D}
	EndGlobalSection
EndGlobal
